// !$*UTF8*$!
{
	archiveVersion = 1;
	classes = {
	};
	objectVersion = 46;
	objects = {

/* Begin PBXBuildFile section */
		0DD321D3166C9D3D0036995D /* AmbientLight.cpp in Sources */ = {isa = PBXBuildFile; fileRef = 0DD321B9166C9D3D0036995D /* AmbientLight.cpp */; };
		0DD321D4166C9D3D0036995D /* Camera.cpp in Sources */ = {isa = PBXBuildFile; fileRef = 0DD321BB166C9D3D0036995D /* Camera.cpp */; };
		0DD321D5166C9D3D0036995D /* DirectionalLight.cpp in Sources */ = {isa = PBXBuildFile; fileRef = 0DD321BD166C9D3D0036995D /* DirectionalLight.cpp */; };
		0DD321D6166C9D3D0036995D /* ImagePlane.cpp in Sources */ = {isa = PBXBuildFile; fileRef = 0DD321C1166C9D3D0036995D /* ImagePlane.cpp */; };
		0DD321D7166C9D3D0036995D /* Light.cpp in Sources */ = {isa = PBXBuildFile; fileRef = 0DD321C3166C9D3D0036995D /* Light.cpp */; };
		0DD321D8166C9D3D0036995D /* main.cpp in Sources */ = {isa = PBXBuildFile; fileRef = 0DD321C5166C9D3D0036995D /* main.cpp */; };
		0DD321DA166C9D3D0036995D /* Material.cpp in Sources */ = {isa = PBXBuildFile; fileRef = 0DD321C7166C9D3D0036995D /* Material.cpp */; };
		0DD321DB166C9D3D0036995D /* PointLight.cpp in Sources */ = {isa = PBXBuildFile; fileRef = 0DD321C9166C9D3D0036995D /* PointLight.cpp */; };
		0DD321DC166C9D3D0036995D /* Ray.cpp in Sources */ = {isa = PBXBuildFile; fileRef = 0DD321CB166C9D3D0036995D /* Ray.cpp */; };
		0DD321DD166C9D3D0036995D /* Scene.cpp in Sources */ = {isa = PBXBuildFile; fileRef = 0DD321CD166C9D3D0036995D /* Scene.cpp */; };
		0DD321DE166C9D3D0036995D /* Shape.cpp in Sources */ = {isa = PBXBuildFile; fileRef = 0DD321CF166C9D3D0036995D /* Shape.cpp */; };
		0DD321DF166C9D3D0036995D /* Sphere.cpp in Sources */ = {isa = PBXBuildFile; fileRef = 0DD321D1166C9D3D0036995D /* Sphere.cpp */; };
		0DD321E2166C9D490036995D /* Triangle.cpp in Sources */ = {isa = PBXBuildFile; fileRef = 0DD321E0166C9D490036995D /* Triangle.cpp */; };
		0DD321F6166CA0920036995D /* libst.a in Frameworks */ = {isa = PBXBuildFile; fileRef = 0DD321F4166CA0450036995D /* libst.a */; };
		47AF413B166DD0980020D0B0 /* SceneObject.cpp in Sources */ = {isa = PBXBuildFile; fileRef = 47AF4139166DD0970020D0B0 /* SceneObject.cpp */; };
		E0ED170112837907008C639B /* GLUT.framework in Frameworks */ = {isa = PBXBuildFile; fileRef = E0ED170012837907008C639B /* GLUT.framework */; };
		E0ED170312837907008C639B /* OpenGL.framework in Frameworks */ = {isa = PBXBuildFile; fileRef = E0ED170212837907008C639B /* OpenGL.framework */; };
/* End PBXBuildFile section */

/* Begin PBXContainerItemProxy section */
		0DD321F3166CA0450036995D /* PBXContainerItemProxy */ = {
			isa = PBXContainerItemProxy;
			containerPortal = 0DD321EC166CA0440036995D /* libst.xcodeproj */;
			proxyType = 2;
			remoteGlobalIDString = D2AAC046055464E500DB518D;
			remoteInfo = libst;
		};
		0DD321F7166CA0980036995D /* PBXContainerItemProxy */ = {
			isa = PBXContainerItemProxy;
			containerPortal = 0DD321EC166CA0440036995D /* libst.xcodeproj */;
			proxyType = 1;
			remoteGlobalIDString = D2AAC045055464E500DB518D;
			remoteInfo = libst;
		};
/* End PBXContainerItemProxy section */

/* Begin PBXCopyFilesBuildPhase section */
		8DD76F690486A84900D96B5E /* CopyFiles */ = {
			isa = PBXCopyFilesBuildPhase;
			buildActionMask = 8;
			dstPath = /usr/share/man/man1/;
			dstSubfolderSpec = 0;
			files = (
			);
			runOnlyForDeploymentPostprocessing = 1;
		};
/* End PBXCopyFilesBuildPhase section */

/* Begin PBXFileReference section */
		0DD321B9166C9D3D0036995D /* AmbientLight.cpp */ = {isa = PBXFileReference; fileEncoding = 4; lastKnownFileType = sourcecode.cpp.cpp; path = AmbientLight.cpp; sourceTree = "<group>"; };
		0DD321BA166C9D3D0036995D /* AmbientLight.h */ = {isa = PBXFileReference; fileEncoding = 4; lastKnownFileType = sourcecode.c.h; path = AmbientLight.h; sourceTree = "<group>"; };
		0DD321BB166C9D3D0036995D /* Camera.cpp */ = {isa = PBXFileReference; fileEncoding = 4; lastKnownFileType = sourcecode.cpp.cpp; path = Camera.cpp; sourceTree = "<group>"; };
		0DD321BC166C9D3D0036995D /* Camera.h */ = {isa = PBXFileReference; fileEncoding = 4; lastKnownFileType = sourcecode.c.h; path = Camera.h; sourceTree = "<group>"; };
		0DD321BD166C9D3D0036995D /* DirectionalLight.cpp */ = {isa = PBXFileReference; fileEncoding = 4; lastKnownFileType = sourcecode.cpp.cpp; path = DirectionalLight.cpp; sourceTree = "<group>"; };
		0DD321BE166C9D3D0036995D /* DirectionalLight.h */ = {isa = PBXFileReference; fileEncoding = 4; lastKnownFileType = sourcecode.c.h; path = DirectionalLight.h; sourceTree = "<group>"; };
		0DD321C1166C9D3D0036995D /* ImagePlane.cpp */ = {isa = PBXFileReference; fileEncoding = 4; lastKnownFileType = sourcecode.cpp.cpp; path = ImagePlane.cpp; sourceTree = "<group>"; };
		0DD321C2166C9D3D0036995D /* ImagePlane.h */ = {isa = PBXFileReference; fileEncoding = 4; lastKnownFileType = sourcecode.c.h; path = ImagePlane.h; sourceTree = "<group>"; };
		0DD321C3166C9D3D0036995D /* Light.cpp */ = {isa = PBXFileReference; fileEncoding = 4; lastKnownFileType = sourcecode.cpp.cpp; path = Light.cpp; sourceTree = "<group>"; };
		0DD321C4166C9D3D0036995D /* Light.h */ = {isa = PBXFileReference; fileEncoding = 4; lastKnownFileType = sourcecode.c.h; path = Light.h; sourceTree = "<group>"; };
		0DD321C5166C9D3D0036995D /* main.cpp */ = {isa = PBXFileReference; fileEncoding = 4; lastKnownFileType = sourcecode.cpp.cpp; path = main.cpp; sourceTree = "<group>"; };
		0DD321C7166C9D3D0036995D /* Material.cpp */ = {isa = PBXFileReference; fileEncoding = 4; lastKnownFileType = sourcecode.cpp.cpp; path = Material.cpp; sourceTree = "<group>"; };
		0DD321C8166C9D3D0036995D /* Material.h */ = {isa = PBXFileReference; fileEncoding = 4; lastKnownFileType = sourcecode.c.h; path = Material.h; sourceTree = "<group>"; };
		0DD321C9166C9D3D0036995D /* PointLight.cpp */ = {isa = PBXFileReference; fileEncoding = 4; lastKnownFileType = sourcecode.cpp.cpp; path = PointLight.cpp; sourceTree = "<group>"; };
		0DD321CA166C9D3D0036995D /* PointLight.h */ = {isa = PBXFileReference; fileEncoding = 4; lastKnownFileType = sourcecode.c.h; path = PointLight.h; sourceTree = "<group>"; };
		0DD321CB166C9D3D0036995D /* Ray.cpp */ = {isa = PBXFileReference; fileEncoding = 4; lastKnownFileType = sourcecode.cpp.cpp; path = Ray.cpp; sourceTree = "<group>"; };
		0DD321CC166C9D3D0036995D /* Ray.h */ = {isa = PBXFileReference; fileEncoding = 4; lastKnownFileType = sourcecode.c.h; path = Ray.h; sourceTree = "<group>"; };
		0DD321CD166C9D3D0036995D /* Scene.cpp */ = {isa = PBXFileReference; fileEncoding = 4; lastKnownFileType = sourcecode.cpp.cpp; path = Scene.cpp; sourceTree = "<group>"; };
		0DD321CE166C9D3D0036995D /* Scene.h */ = {isa = PBXFileReference; fileEncoding = 4; lastKnownFileType = sourcecode.c.h; path = Scene.h; sourceTree = "<group>"; };
		0DD321CF166C9D3D0036995D /* Shape.cpp */ = {isa = PBXFileReference; fileEncoding = 4; lastKnownFileType = sourcecode.cpp.cpp; path = Shape.cpp; sourceTree = "<group>"; };
		0DD321D0166C9D3D0036995D /* Shape.h */ = {isa = PBXFileReference; fileEncoding = 4; lastKnownFileType = sourcecode.c.h; path = Shape.h; sourceTree = "<group>"; };
		0DD321D1166C9D3D0036995D /* Sphere.cpp */ = {isa = PBXFileReference; fileEncoding = 4; lastKnownFileType = sourcecode.cpp.cpp; path = Sphere.cpp; sourceTree = "<group>"; };
		0DD321D2166C9D3D0036995D /* Sphere.h */ = {isa = PBXFileReference; fileEncoding = 4; lastKnownFileType = sourcecode.c.h; path = Sphere.h; sourceTree = "<group>"; };
		0DD321E0166C9D490036995D /* Triangle.cpp */ = {isa = PBXFileReference; fileEncoding = 4; lastKnownFileType = sourcecode.cpp.cpp; path = Triangle.cpp; sourceTree = "<group>"; };
		0DD321E1166C9D490036995D /* Triangle.h */ = {isa = PBXFileReference; fileEncoding = 4; lastKnownFileType = sourcecode.c.h; path = Triangle.h; sourceTree = "<group>"; };
		0DD321EC166CA0440036995D /* libst.xcodeproj */ = {isa = PBXFileReference; lastKnownFileType = "wrapper.pb-project"; name = libst.xcodeproj; path = ../libst/xcode/libst.xcodeproj; sourceTree = "<group>"; };
		47AF4139166DD0970020D0B0 /* SceneObject.cpp */ = {isa = PBXFileReference; fileEncoding = 4; lastKnownFileType = sourcecode.cpp.cpp; path = SceneObject.cpp; sourceTree = "<group>"; };
		47AF413A166DD0980020D0B0 /* SceneObject.h */ = {isa = PBXFileReference; fileEncoding = 4; lastKnownFileType = sourcecode.c.h; path = SceneObject.h; sourceTree = "<group>"; };
		8DD76F6C0486A84900D96B5E /* raytracer */ = {isa = PBXFileReference; explicitFileType = "compiled.mach-o.executable"; includeInIndex = 0; path = raytracer; sourceTree = BUILT_PRODUCTS_DIR; };
		E0ED170012837907008C639B /* GLUT.framework */ = {isa = PBXFileReference; lastKnownFileType = wrapper.framework; name = GLUT.framework; path = System/Library/Frameworks/GLUT.framework; sourceTree = SDKROOT; };
		E0ED170212837907008C639B /* OpenGL.framework */ = {isa = PBXFileReference; lastKnownFileType = wrapper.framework; name = OpenGL.framework; path = System/Library/Frameworks/OpenGL.framework; sourceTree = SDKROOT; };
/* End PBXFileReference section */

/* Begin PBXFrameworksBuildPhase section */
		8DD76F660486A84900D96B5E /* Frameworks */ = {
			isa = PBXFrameworksBuildPhase;
			buildActionMask = 2147483647;
			files = (
				0DD321F6166CA0920036995D /* libst.a in Frameworks */,
				E0ED170112837907008C639B /* GLUT.framework in Frameworks */,
				E0ED170312837907008C639B /* OpenGL.framework in Frameworks */,
			);
			runOnlyForDeploymentPostprocessing = 0;
		};
/* End PBXFrameworksBuildPhase section */

/* Begin PBXGroup section */
		08FB7794FE84155DC02AAC07 /* hdr */ = {
			isa = PBXGroup;
			children = (
				0DD321EC166CA0440036995D /* libst.xcodeproj */,
				08FB7795FE84155DC02AAC07 /* Source */,
				C6859E8C029090F304C91782 /* Documentation */,
				1AB674ADFE9D54B511CA2CBB /* Products */,
				E0ED170012837907008C639B /* GLUT.framework */,
				E0ED170212837907008C639B /* OpenGL.framework */,
			);
			name = hdr;
			sourceTree = "<group>";
		};
		08FB7795FE84155DC02AAC07 /* Source */ = {
			isa = PBXGroup;
			children = (
				0DD321B9166C9D3D0036995D /* AmbientLight.cpp */,
				0DD321BA166C9D3D0036995D /* AmbientLight.h */,
				0DD321BB166C9D3D0036995D /* Camera.cpp */,
				0DD321BC166C9D3D0036995D /* Camera.h */,
				0DD321BD166C9D3D0036995D /* DirectionalLight.cpp */,
				0DD321BE166C9D3D0036995D /* DirectionalLight.h */,
				0DD321C1166C9D3D0036995D /* ImagePlane.cpp */,
				0DD321C2166C9D3D0036995D /* ImagePlane.h */,
				0DD321C3166C9D3D0036995D /* Light.cpp */,
				0DD321C4166C9D3D0036995D /* Light.h */,
				0DD321C5166C9D3D0036995D /* main.cpp */,
				0DD321C8166C9D3D0036995D /* Material.h */,
				0DD321C7166C9D3D0036995D /* Material.cpp */,
				0DD321C9166C9D3D0036995D /* PointLight.cpp */,
				0DD321CA166C9D3D0036995D /* PointLight.h */,
				0DD321CB166C9D3D0036995D /* Ray.cpp */,
				0DD321CC166C9D3D0036995D /* Ray.h */,
				0DD321CD166C9D3D0036995D /* Scene.cpp */,
				0DD321CE166C9D3D0036995D /* Scene.h */,
				0DD321CF166C9D3D0036995D /* Shape.cpp */,
				47AF413A166DD0980020D0B0 /* SceneObject.h */,
				47AF4139166DD0970020D0B0 /* SceneObject.cpp */,
				0DD321D0166C9D3D0036995D /* Shape.h */,
				0DD321D1166C9D3D0036995D /* Sphere.cpp */,
				0DD321D2166C9D3D0036995D /* Sphere.h */,
				0DD321E0166C9D490036995D /* Triangle.cpp */,
				0DD321E1166C9D490036995D /* Triangle.h */,
			);
			name = Source;
			sourceTree = "<group>";
		};
		0DD321ED166CA0440036995D /* Products */ = {
			isa = PBXGroup;
			children = (
				0DD321F4166CA0450036995D /* libst.a */,
			);
			name = Products;
			sourceTree = "<group>";
		};
		1AB674ADFE9D54B511CA2CBB /* Products */ = {
			isa = PBXGroup;
			children = (
				8DD76F6C0486A84900D96B5E /* raytracer */,
			);
			name = Products;
			sourceTree = "<group>";
		};
		C6859E8C029090F304C91782 /* Documentation */ = {
			isa = PBXGroup;
			children = (
			);
			name = Documentation;
			sourceTree = "<group>";
		};
/* End PBXGroup section */

/* Begin PBXNativeTarget section */
		8DD76F620486A84900D96B5E /* raytracer */ = {
			isa = PBXNativeTarget;
			buildConfigurationList = 1DEB923108733DC60010E9CD /* Build configuration list for PBXNativeTarget "raytracer" */;
			buildPhases = (
				8DD76F640486A84900D96B5E /* Sources */,
				8DD76F660486A84900D96B5E /* Frameworks */,
				8DD76F690486A84900D96B5E /* CopyFiles */,
			);
			buildRules = (
			);
			dependencies = (
				0DD321F8166CA0980036995D /* PBXTargetDependency */,
			);
			name = raytracer;
			productInstallPath = "$(HOME)/bin";
			productName = hdr;
			productReference = 8DD76F6C0486A84900D96B5E /* raytracer */;
			productType = "com.apple.product-type.tool";
		};
/* End PBXNativeTarget section */

/* Begin PBXProject section */
		08FB7793FE84155DC02AAC07 /* Project object */ = {
			isa = PBXProject;
			attributes = {
				LastUpgradeCheck = 0450;
			};
			buildConfigurationList = 1DEB923508733DC60010E9CD /* Build configuration list for PBXProject "raytracer" */;
			compatibilityVersion = "Xcode 3.2";
			developmentRegion = English;
			hasScannedForEncodings = 1;
			knownRegions = (
				English,
				Japanese,
				French,
				German,
			);
			mainGroup = 08FB7794FE84155DC02AAC07 /* hdr */;
			projectDirPath = "";
			projectReferences = (
				{
					ProductGroup = 0DD321ED166CA0440036995D /* Products */;
					ProjectRef = 0DD321EC166CA0440036995D /* libst.xcodeproj */;
				},
			);
			projectRoot = "";
			targets = (
				8DD76F620486A84900D96B5E /* raytracer */,
			);
		};
/* End PBXProject section */

/* Begin PBXReferenceProxy section */
		0DD321F4166CA0450036995D /* libst.a */ = {
			isa = PBXReferenceProxy;
			fileType = archive.ar;
			path = libst.a;
			remoteRef = 0DD321F3166CA0450036995D /* PBXContainerItemProxy */;
			sourceTree = BUILT_PRODUCTS_DIR;
		};
/* End PBXReferenceProxy section */

/* Begin PBXSourcesBuildPhase section */
		8DD76F640486A84900D96B5E /* Sources */ = {
			isa = PBXSourcesBuildPhase;
			buildActionMask = 2147483647;
			files = (
				0DD321D3166C9D3D0036995D /* AmbientLight.cpp in Sources */,
				0DD321D4166C9D3D0036995D /* Camera.cpp in Sources */,
				0DD321D5166C9D3D0036995D /* DirectionalLight.cpp in Sources */,
				0DD321D6166C9D3D0036995D /* ImagePlane.cpp in Sources */,
				0DD321D7166C9D3D0036995D /* Light.cpp in Sources */,
				0DD321D8166C9D3D0036995D /* main.cpp in Sources */,
				0DD321DA166C9D3D0036995D /* Material.cpp in Sources */,
				0DD321DB166C9D3D0036995D /* PointLight.cpp in Sources */,
				0DD321DC166C9D3D0036995D /* Ray.cpp in Sources */,
				0DD321DD166C9D3D0036995D /* Scene.cpp in Sources */,
				0DD321DE166C9D3D0036995D /* Shape.cpp in Sources */,
				0DD321DF166C9D3D0036995D /* Sphere.cpp in Sources */,
				0DD321E2166C9D490036995D /* Triangle.cpp in Sources */,
				47AF413B166DD0980020D0B0 /* SceneObject.cpp in Sources */,
			);
			runOnlyForDeploymentPostprocessing = 0;
		};
/* End PBXSourcesBuildPhase section */

/* Begin PBXTargetDependency section */
		0DD321F8166CA0980036995D /* PBXTargetDependency */ = {
			isa = PBXTargetDependency;
			name = libst;
			targetProxy = 0DD321F7166CA0980036995D /* PBXContainerItemProxy */;
		};
/* End PBXTargetDependency section */

/* Begin XCBuildConfiguration section */
		1DEB923208733DC60010E9CD /* Debug */ = {
			isa = XCBuildConfiguration;
			buildSettings = {
				ALWAYS_SEARCH_USER_PATHS = YES;
				COPY_PHASE_STRIP = NO;
				GCC_DYNAMIC_NO_PIC = NO;
				GCC_MODEL_TUNING = G5;
				GCC_OPTIMIZATION_LEVEL = 0;
				GCC_PREPROCESSOR_DEFINITIONS = (
					"DEBUG=1",
					"$(inherited)",
				);
				INSTALL_PATH = /usr/local/bin;
				LIBRARY_SEARCH_PATHS = (
					/sw/lib,
					/opt/local/lib,
				);
				PRODUCT_NAME = raytracer;
				SDKROOT = "";
				USER_HEADER_SEARCH_PATHS = "";
			};
			name = Debug;
		};
		1DEB923308733DC60010E9CD /* Release */ = {
			isa = XCBuildConfiguration;
			buildSettings = {
				ALWAYS_SEARCH_USER_PATHS = YES;
				DEBUG_INFORMATION_FORMAT = "dwarf-with-dsym";
				GCC_MODEL_TUNING = G5;
				INSTALL_PATH = /usr/local/bin;
				LIBRARY_SEARCH_PATHS = (
					/sw/lib,
					/opt/local/lib,
				);
				PRODUCT_NAME = raytracer;
				SDKROOT = "";
				USER_HEADER_SEARCH_PATHS = "";
			};
			name = Release;
		};
		1DEB923608733DC60010E9CD /* Debug */ = {
			isa = XCBuildConfiguration;
			buildSettings = {
				ARCHS = "$(NATIVE_ARCH_ACTUAL)";
				CONFIGURATION_BUILD_DIR = "$(PROJECT_DIR)";
				GCC_C_LANGUAGE_STANDARD = gnu99;
				GCC_OPTIMIZATION_LEVEL = 0;
				GCC_VERSION = "";
				GCC_WARN_ABOUT_RETURN_TYPE = YES;
				GCC_WARN_UNUSED_VARIABLE = YES;
				HEADER_SEARCH_PATHS = ../libst/include;
				LIBRARY_SEARCH_PATHS = /opt/local/lib;
				ONLY_ACTIVE_ARCH = YES;
				OTHER_LDFLAGS = (
					"-lpng",
					"-ljpeg",
					"-lfreetype",
				);
				SDKROOT = "";
			};
			name = Debug;
		};
		1DEB923708733DC60010E9CD /* Release */ = {
			isa = XCBuildConfiguration;
			buildSettings = {
				ARCHS = "$(NATIVE_ARCH_ACTUAL)";
				CONFIGURATION_BUILD_DIR = "$(PROJECT_DIR)";
				GCC_C_LANGUAGE_STANDARD = gnu99;
				GCC_VERSION = "";
				GCC_WARN_ABOUT_RETURN_TYPE = YES;
				GCC_WARN_UNUSED_VARIABLE = YES;
				HEADER_SEARCH_PATHS = ../libst/include;
				LIBRARY_SEARCH_PATHS = /opt/local/lib;
				OTHER_LDFLAGS = (
					"-lpng",
					"-ljpeg",
					"-lfreetype",
				);
				SDKROOT = "";
			};
			name = Release;
		};
/* End XCBuildConfiguration section */

/* Begin XCConfigurationList section */
		1DEB923108733DC60010E9CD /* Build configuration list for PBXNativeTarget "raytracer" */ = {
			isa = XCConfigurationList;
			buildConfigurations = (
				1DEB923208733DC60010E9CD /* Debug */,
				1DEB923308733DC60010E9CD /* Release */,
			);
			defaultConfigurationIsVisible = 0;
			defaultConfigurationName = Release;
		};
		1DEB923508733DC60010E9CD /* Build configuration list for PBXProject "raytracer" */ = {
			isa = XCConfigurationList;
			buildConfigurations = (
				1DEB923608733DC60010E9CD /* Debug */,
				1DEB923708733DC60010E9CD /* Release */,
			);
			defaultConfigurationIsVisible = 0;
			defaultConfigurationName = Release;
		};
/* End XCConfigurationList section */
	};
	rootObject = 08FB7793FE84155DC02AAC07 /* Project object */;
}
